
Microsoft Visual Studio Solution File, Format Version 12.00
# Visual Studio Version 17
VisualStudioVersion = 17.4.33213.308
MinimumVisualStudioVersion = 10.0.40219.1
Project("{FAE04EC0-301F-11D3-BF4B-00C04F79EFBC}") = "LoginRegister.UWP", "LoginRegister.UWP\LoginRegister.UWP.csproj", "{FBE9B372-333A-4C48-9928-084B344AB44C}"
EndProject
Project("{FAE04EC0-301F-11D3-BF4B-00C04F79EFBC}") = "LoginRegister.Android", "LoginRegister.Android\LoginRegister.Android.csproj", "{6628644E-F1E6-4760-BB24-E1D0B0482017}"
EndProject
Project("{FAE04EC0-301F-11D3-BF4B-00C04F79EFBC}") = "LoginRegister.iOS", "LoginRegister.iOS\LoginRegister.iOS.csproj", "{479365CF-DB1D-4D48-B464-617A43326758}"
EndProject
Project("{FAE04EC0-301F-11D3-BF4B-00C04F79EFBC}") = "LoginRegister", "LoginRegister\LoginRegister.csproj", "{06FA571A-7926-481F-90AB-CA9249D75020}"
EndProject
Global
	GlobalSection(SolutionConfigurationPlatforms) = preSolution
		Debug|Any CPU = Debug|Any CPU
		Debug|ARM = Debug|ARM
		Debug|iPhone = Debug|iPhone
		Debug|iPhoneSimulator = Debug|iPhoneSimulator
		Debug|x64 = Debug|x64
		Debug|x86 = Debug|x86
		Release|Any CPU = Release|Any CPU
		Release|ARM = Release|ARM
		Release|iPhone = Release|iPhone
		Release|iPhoneSimulator = Release|iPhoneSimulator
		Release|x64 = Release|x64
		Release|x86 = Release|x86
	EndGlobalSection
	GlobalSection(ProjectConfigurationPlatforms) = postSolution
		{FBE9B372-333A-4C48-9928-084B344AB44C}.Debug|Any CPU.ActiveCfg = Debug|x64
		{FBE9B372-333A-4C48-9928-084B344AB44C}.Debug|Any CPU.Build.0 = Debug|x64
		{FBE9B372-333A-4C48-9928-084B344AB44C}.Debug|Any CPU.Deploy.0 = Debug|x64
		{FBE9B372-333A-4C48-9928-084B344AB44C}.Debug|ARM.ActiveCfg = Debug|ARM
		{FBE9B372-333A-4C48-9928-084B344AB44C}.Debug|ARM.Build.0 = Debug|ARM
		{FBE9B372-333A-4C48-9928-084B344AB44C}.Debug|ARM.Deploy.0 = Debug|ARM
		{FBE9B372-333A-4C48-9928-084B344AB44C}.Debug|iPhone.ActiveCfg = Debug|x64
		{FBE9B372-333A-4C48-9928-084B344AB44C}.Debug|iPhone.Build.0 = Debug|x64
		{FBE9B372-333A-4C48-9928-084B344AB44C}.Debug|iPhone.Deploy.0 = Debug|x64
		{FBE9B372-333A-4C48-9928-084B344AB44C}.Debug|iPhoneSimulator.ActiveCfg = Debug|x64
		{FBE9B372-333A-4C48-9928-084B344AB44C}.Debug|iPhoneSimulator.Build.0 = Debug|x64
		{FBE9B372-333A-4C48-9928-084B344AB44C}.Debug|iPhoneSimulator.Deploy.0 = Debug|x64
		{FBE9B372-333A-4C48-9928-084B344AB44C}.Debug|x64.ActiveCfg = Debug|x64
		{FBE9B372-333A-4C48-9928-084B344AB44C}.Debug|x64.Build.0 = Debug|x64
		{FBE9B372-333A-4C48-9928-084B344AB44C}.Debug|x64.Deploy.0 = Debug|x64
		{FBE9B372-333A-4C48-9928-084B344AB44C}.Debug|x86.ActiveCfg = Debug|x86
		{FBE9B372-333A-4C48-9928-084B344AB44C}.Debug|x86.Build.0 = Debug|x86
		{FBE9B372-333A-4C48-9928-084B344AB44C}.Debug|x86.Deploy.0 = Debug|x86
		{FBE9B372-333A-4C48-9928-084B344AB44C}.Release|Any CPU.ActiveCfg = Release|x64
		{FBE9B372-333A-4C48-9928-084B344AB44C}.Release|Any CPU.Build.0 = Release|x64
		{FBE9B372-333A-4C48-9928-084B344AB44C}.Release|Any CPU.Deploy.0 = Release|x64
		{FBE9B372-333A-4C48-9928-084B344AB44C}.Release|ARM.ActiveCfg = Release|ARM
		{FBE9B372-333A-4C48-9928-084B344AB44C}.Release|ARM.Build.0 = Release|ARM
		{FBE9B372-333A-4C48-9928-084B344AB44C}.Release|ARM.Deploy.0 = Release|ARM
		{FBE9B372-333A-4C48-9928-084B344AB44C}.Release|iPhone.ActiveCfg = Release|x64
		{FBE9B372-333A-4C48-9928-084B344AB44C}.Release|iPhone.Build.0 = Release|x64
		{FBE9B372-333A-4C48-9928-084B344AB44C}.Release|iPhone.Deploy.0 = Release|x64
		{FBE9B372-333A-4C48-9928-084B344AB44C}.Release|iPhoneSimulator.ActiveCfg = Release|x64
		{FBE9B372-333A-4C48-9928-084B344AB44C}.Release|iPhoneSimulator.Build.0 = Release|x64
		{FBE9B372-333A-4C48-9928-084B344AB44C}.Release|iPhoneSimulator.Deploy.0 = Release|x64
		{FBE9B372-333A-4C48-9928-084B344AB44C}.Release|x64.ActiveCfg = Release|x64
		{FBE9B372-333A-4C48-9928-084B344AB44C}.Release|x64.Build.0 = Release|x64
		{FBE9B372-333A-4C48-9928-084B344AB44C}.Release|x64.Deploy.0 = Release|x64
		{FBE9B372-333A-4C48-9928-084B344AB44C}.Release|x86.ActiveCfg = Release|x86
		{FBE9B372-333A-4C48-9928-084B344AB44C}.Release|x86.Build.0 = Release|x86
		{FBE9B372-333A-4C48-9928-084B344AB44C}.Release|x86.Deploy.0 = Release|x86
		{6628644E-F1E6-4760-BB24-E1D0B0482017}.Debug|Any CPU.ActiveCfg = Debug|Any CPU
		{6628644E-F1E6-4760-BB24-E1D0B0482017}.Debug|Any CPU.Build.0 = Debug|Any CPU
		{6628644E-F1E6-4760-BB24-E1D0B0482017}.Debug|Any CPU.Deploy.0 = Debug|Any CPU
		{6628644E-F1E6-4760-BB24-E1D0B0482017}.Debug|ARM.ActiveCfg = Debug|Any CPU
		{6628644E-F1E6-4760-BB24-E1D0B0482017}.Debug|ARM.Build.0 = Debug|Any CPU
		{6628644E-F1E6-4760-BB24-E1D0B0482017}.Debug|ARM.Deploy.0 = Debug|Any CPU
		{6628644E-F1E6-4760-BB24-E1D0B0482017}.Debug|iPhone.ActiveCfg = Debug|Any CPU
		{6628644E-F1E6-4760-BB24-E1D0B0482017}.Debug|iPhone.Build.0 = Debug|Any CPU
		{6628644E-F1E6-4760-BB24-E1D0B0482017}.Debug|iPhone.Deploy.0 = Debug|Any CPU
		{6628644E-F1E6-4760-BB24-E1D0B0482017}.Debug|iPhoneSimulator.ActiveCfg = Debug|Any CPU
		{6628644E-F1E6-4760-BB24-E1D0B0482017}.Debug|iPhoneSimulator.Build.0 = Debug|Any CPU
		{6628644E-F1E6-4760-BB24-E1D0B0482017}.Debug|iPhoneSimulator.Deploy.0 = Debug|Any CPU
		{6628644E-F1E6-4760-BB24-E1D0B0482017}.Debug|x64.ActiveCfg = Debug|Any CPU
		{6628644E-F1E6-4760-BB24-E1D0B0482017}.Debug|x64.Build.0 = Debug|Any CPU
		{6628644E-F1E6-4760-BB24-E1D0B0482017}.Debug|x64.Deploy.0 = Debug|Any CPU
		{6628644E-F1E6-4760-BB24-E1D0B0482017}.Debug|x86.ActiveCfg = Debug|Any CPU
		{6628644E-F1E6-4760-BB24-E1D0B0482017}.Debug|x86.Build.0 = Debug|Any CPU
		{6628644E-F1E6-4760-BB24-E1D0B0482017}.Debug|x86.Deploy.0 = Debug|Any CPU
		{6628644E-F1E6-4760-BB24-E1D0B0482017}.Release|Any CPU.ActiveCfg = Release|Any CPU
		{6628644E-F1E6-4760-BB24-E1D0B0482017}.Release|Any CPU.Build.0 = Release|Any CPU
		{6628644E-F1E6-4760-BB24-E1D0B0482017}.Release|Any CPU.Deploy.0 = Release|Any CPU
		{6628644E-F1E6-4760-BB24-E1D0B0482017}.Release|ARM.ActiveCfg = Release|Any CPU
		{6628644E-F1E6-4760-BB24-E1D0B0482017}.Release|ARM.Build.0 = Release|Any CPU
		{6628644E-F1E6-4760-BB24-E1D0B0482017}.Release|ARM.Deploy.0 = Release|Any CPU
		{6628644E-F1E6-4760-BB24-E1D0B0482017}.Release|iPhone.ActiveCfg = Release|Any CPU
		{6628644E-F1E6-4760-BB24-E1D0B0482017}.Release|iPhone.Build.0 = Release|Any CPU
		{6628644E-F1E6-4760-BB24-E1D0B0482017}.Release|iPhone.Deploy.0 = Release|Any CPU
		{6628644E-F1E6-4760-BB24-E1D0B0482017}.Release|iPhoneSimulator.ActiveCfg = Release|Any CPU
		{6628644E-F1E6-4760-BB24-E1D0B0482017}.Release|iPhoneSimulator.Build.0 = Release|Any CPU
		{6628644E-F1E6-4760-BB24-E1D0B0482017}.Release|iPhoneSimulator.Deploy.0 = Release|Any CPU
		{6628644E-F1E6-4760-BB24-E1D0B0482017}.Release|x64.ActiveCfg = Release|Any CPU
		{6628644E-F1E6-4760-BB24-E1D0B0482017}.Release|x64.Build.0 = Release|Any CPU
		{6628644E-F1E6-4760-BB24-E1D0B0482017}.Release|x64.Deploy.0 = Release|Any CPU
		{6628644E-F1E6-4760-BB24-E1D0B0482017}.Release|x86.ActiveCfg = Release|Any CPU
		{6628644E-F1E6-4760-BB24-E1D0B0482017}.Release|x86.Build.0 = Release|Any CPU
		{6628644E-F1E6-4760-BB24-E1D0B0482017}.Release|x86.Deploy.0 = Release|Any CPU
		{479365CF-DB1D-4D48-B464-617A43326758}.Debug|Any CPU.ActiveCfg = Debug|iPhoneSimulator
		{479365CF-DB1D-4D48-B464-617A43326758}.Debug|Any CPU.Build.0 = Debug|iPhoneSimulator
		{479365CF-DB1D-4D48-B464-617A43326758}.Debug|Any CPU.Deploy.0 = Debug|iPhoneSimulator
		{479365CF-DB1D-4D48-B464-617A43326758}.Debug|ARM.ActiveCfg = Debug|iPhoneSimulator
		{479365CF-DB1D-4D48-B464-617A43326758}.Debug|ARM.Build.0 = Debug|iPhoneSimulator
		{479365CF-DB1D-4D48-B464-617A43326758}.Debug|ARM.Deploy.0 = Debug|iPhoneSimulator
		{479365CF-DB1D-4D48-B464-617A43326758}.Debug|iPhone.ActiveCfg = Debug|iPhone
		{479365CF-DB1D-4D48-B464-617A43326758}.Debug|iPhone.Build.0 = Debug|iPhone
		{479365CF-DB1D-4D48-B464-617A43326758}.Debug|iPhone.Deploy.0 = Debug|iPhone
		{479365CF-DB1D-4D48-B464-617A43326758}.Debug|iPhoneSimulator.ActiveCfg = Debug|iPhoneSimulator
		{479365CF-DB1D-4D48-B464-617A43326758}.Debug|iPhoneSimulator.Build.0 = Debug|iPhoneSimulator
		{479365CF-DB1D-4D48-B464-617A43326758}.Debug|iPhoneSimulator.Deploy.0 = Debug|iPhoneSimulator
		{479365CF-DB1D-4D48-B464-617A43326758}.Debug|x64.ActiveCfg = Debug|iPhone
		{479365CF-DB1D-4D48-B464-617A43326758}.Debug|x64.Build.0 = Debug|iPhone
		{479365CF-DB1D-4D48-B464-617A43326758}.Debug|x64.Deploy.0 = Debug|iPhone
		{479365CF-DB1D-4D48-B464-617A43326758}.Debug|x86.ActiveCfg = Debug|iPhoneSimulator
		{479365CF-DB1D-4D48-B464-617A43326758}.Debug|x86.Build.0 = Debug|iPhoneSimulator
		{479365CF-DB1D-4D48-B464-617A43326758}.Debug|x86.Deploy.0 = Debug|iPhoneSimulator
		{479365CF-DB1D-4D48-B464-617A43326758}.Release|Any CPU.ActiveCfg = Release|iPhoneSimulator
		{479365CF-DB1D-4D48-B464-617A43326758}.Release|Any CPU.Build.0 = Release|iPhoneSimulator
		{479365CF-DB1D-4D48-B464-617A43326758}.Release|Any CPU.Deploy.0 = Release|iPhoneSimulator
		{479365CF-DB1D-4D48-B464-617A43326758}.Release|ARM.ActiveCfg = Release|iPhoneSimulator
		{479365CF-DB1D-4D48-B464-617A43326758}.Release|ARM.Build.0 = Release|iPhoneSimulator
		{479365CF-DB1D-4D48-B464-617A43326758}.Release|ARM.Deploy.0 = Release|iPhoneSimulator
		{479365CF-DB1D-4D48-B464-617A43326758}.Release|iPhone.ActiveCfg = Release|iPhone
		{479365CF-DB1D-4D48-B464-617A43326758}.Release|iPhone.Build.0 = Release|iPhone
		{479365CF-DB1D-4D48-B464-617A43326758}.Release|iPhone.Deploy.0 = Release|iPhone
		{479365CF-DB1D-4D48-B464-617A43326758}.Release|iPhoneSimulator.ActiveCfg = Release|iPhoneSimulator
		{479365CF-DB1D-4D48-B464-617A43326758}.Release|iPhoneSimulator.Build.0 = Release|iPhoneSimulator
		{479365CF-DB1D-4D48-B464-617A43326758}.Release|iPhoneSimulator.Deploy.0 = Release|iPhoneSimulator
		{479365CF-DB1D-4D48-B464-617A43326758}.Release|x64.ActiveCfg = Release|iPhoneSimulator
		{479365CF-DB1D-4D48-B464-617A43326758}.Release|x64.Build.0 = Release|iPhoneSimulator
		{479365CF-DB1D-4D48-B464-617A43326758}.Release|x64.Deploy.0 = Release|iPhoneSimulator
		{479365CF-DB1D-4D48-B464-617A43326758}.Release|x86.ActiveCfg = Release|iPhoneSimulator
		{479365CF-DB1D-4D48-B464-617A43326758}.Release|x86.Build.0 = Release|iPhoneSimulator
		{479365CF-DB1D-4D48-B464-617A43326758}.Release|x86.Deploy.0 = Release|iPhoneSimulator
		{06FA571A-7926-481F-90AB-CA9249D75020}.Debug|Any CPU.ActiveCfg = Debug|Any CPU
		{06FA571A-7926-481F-90AB-CA9249D75020}.Debug|Any CPU.Build.0 = Debug|Any CPU
		{06FA571A-7926-481F-90AB-CA9249D75020}.Debug|Any CPU.Deploy.0 = Debug|Any CPU
		{06FA571A-7926-481F-90AB-CA9249D75020}.Debug|ARM.ActiveCfg = Debug|Any CPU
		{06FA571A-7926-481F-90AB-CA9249D75020}.Debug|ARM.Build.0 = Debug|Any CPU
		{06FA571A-7926-481F-90AB-CA9249D75020}.Debug|ARM.Deploy.0 = Debug|Any CPU
		{06FA571A-7926-481F-90AB-CA9249D75020}.Debug|iPhone.ActiveCfg = Debug|Any CPU
		{06FA571A-7926-481F-90AB-CA9249D75020}.Debug|iPhone.Build.0 = Debug|Any CPU
		{06FA571A-7926-481F-90AB-CA9249D75020}.Debug|iPhone.Deploy.0 = Debug|Any CPU
		{06FA571A-7926-481F-90AB-CA9249D75020}.Debug|iPhoneSimulator.ActiveCfg = Debug|Any CPU
		{06FA571A-7926-481F-90AB-CA9249D75020}.Debug|iPhoneSimulator.Build.0 = Debug|Any CPU
		{06FA571A-7926-481F-90AB-CA9249D75020}.Debug|iPhoneSimulator.Deploy.0 = Debug|Any CPU
		{06FA571A-7926-481F-90AB-CA9249D75020}.Debug|x64.ActiveCfg = Debug|Any CPU
		{06FA571A-7926-481F-90AB-CA9249D75020}.Debug|x64.Build.0 = Debug|Any CPU
		{06FA571A-7926-481F-90AB-CA9249D75020}.Debug|x64.Deploy.0 = Debug|Any CPU
		{06FA571A-7926-481F-90AB-CA9249D75020}.Debug|x86.ActiveCfg = Debug|Any CPU
		{06FA571A-7926-481F-90AB-CA9249D75020}.Debug|x86.Build.0 = Debug|Any CPU
		{06FA571A-7926-481F-90AB-CA9249D75020}.Debug|x86.Deploy.0 = Debug|Any CPU
		{06FA571A-7926-481F-90AB-CA9249D75020}.Release|Any CPU.ActiveCfg = Release|Any CPU
		{06FA571A-7926-481F-90AB-CA9249D75020}.Release|Any CPU.Build.0 = Release|Any CPU
		{06FA571A-7926-481F-90AB-CA9249D75020}.Release|Any CPU.Deploy.0 = Release|Any CPU
		{06FA571A-7926-481F-90AB-CA9249D75020}.Release|ARM.ActiveCfg = Release|Any CPU
		{06FA571A-7926-481F-90AB-CA9249D75020}.Release|ARM.Build.0 = Release|Any CPU
		{06FA571A-7926-481F-90AB-CA9249D75020}.Release|ARM.Deploy.0 = Release|Any CPU
		{06FA571A-7926-481F-90AB-CA9249D75020}.Release|iPhone.ActiveCfg = Release|Any CPU
		{06FA571A-7926-481F-90AB-CA9249D75020}.Release|iPhone.Build.0 = Release|Any CPU
		{06FA571A-7926-481F-90AB-CA9249D75020}.Release|iPhone.Deploy.0 = Release|Any CPU
		{06FA571A-7926-481F-90AB-CA9249D75020}.Release|iPhoneSimulator.ActiveCfg = Release|Any CPU
		{06FA571A-7926-481F-90AB-CA9249D75020}.Release|iPhoneSimulator.Build.0 = Release|Any CPU
		{06FA571A-7926-481F-90AB-CA9249D75020}.Release|iPhoneSimulator.Deploy.0 = Release|Any CPU
		{06FA571A-7926-481F-90AB-CA9249D75020}.Release|x64.ActiveCfg = Release|Any CPU
		{06FA571A-7926-481F-90AB-CA9249D75020}.Release|x64.Build.0 = Release|Any CPU
		{06FA571A-7926-481F-90AB-CA9249D75020}.Release|x64.Deploy.0 = Release|Any CPU
		{06FA571A-7926-481F-90AB-CA9249D75020}.Release|x86.ActiveCfg = Release|Any CPU
		{06FA571A-7926-481F-90AB-CA9249D75020}.Release|x86.Build.0 = Release|Any CPU
		{06FA571A-7926-481F-90AB-CA9249D75020}.Release|x86.Deploy.0 = Release|Any CPU
	EndGlobalSection
	GlobalSection(SolutionProperties) = preSolution
		HideSolutionNode = FALSE
	EndGlobalSection
	GlobalSection(ExtensibilityGlobals) = postSolution
		SolutionGuid = {82DFA978-A608-4C88-8D40-C447821403E2}
	EndGlobalSection
EndGlobal
